
Microsoft Visual Studio Solution File, Format Version 12.00
# Visual Studio Version 17
VisualStudioVersion = 17.5.33516.290
MinimumVisualStudioVersion = 10.0.40219.1
Project("{FAE04EC0-301F-11D3-BF4B-00C04F79EFBC}") = "API_PhucLongOnline", "API_PhucLongOnline\API_PhucLongOnline.csproj", "{BA8F6586-6F31-401A-9462-843183785784}"
EndProject
Global
	GlobalSection(SolutionConfigurationPlatforms) = preSolution
		Debug|Any CPU = Debug|Any CPU
		Release|Any CPU = Release|Any CPU
	EndGlobalSection
	GlobalSection(ProjectConfigurationPlatforms) = postSolution
		{BA8F6586-6F31-401A-9462-843183785784}.Debug|Any CPU.ActiveCfg = Debug|Any CPU
		{BA8F6586-6F31-401A-9462-843183785784}.Debug|Any CPU.Build.0 = Debug|Any CPU
		{BA8F6586-6F31-401A-9462-843183785784}.Release|Any CPU.ActiveCfg = Release|Any CPU
		{BA8F6586-6F31-401A-9462-843183785784}.Release|Any CPU.Build.0 = Release|Any CPU
	EndGlobalSection
	GlobalSection(SolutionProperties) = preSolution
		HideSolutionNode = FALSE
	EndGlobalSection
	GlobalSection(ExtensibilityGlobals) = postSolution
		SolutionGuid = {50EAB06D-9283-4A63-861F-F7BFD1416828}
	EndGlobalSection
EndGlobal
